dependencies:
- name: argo-cd
  repository: ""
  version: 7.6.8
- name: node-feature-discovery
  repository: ""
  version: 0.16.5
- name: kube-state-metrics
  repository: ""
  version: 5.25.1
- name: grafana
  repository: ""
  version: 8.4.6
- name: prometheus
  repository: ""
  version: 25.26.0
- name: kamaji-etcd
  repository: ""
  version: 0.9.0
- name: kamaji
  repository: ""
  version: 1.0.0
- name: maintenance-operator-chart
  repository: ""
  version: 0.1.1
digest: sha256:f1d318cf53397f75ef85ff020af47be4d31b3c2eb42e4a72175b2907f382da14
generated: "2025-02-19T18:18:58.734212+01:00"
